
Microsoft Visual Studio Solution File, Format Version 12.00
# Visual Studio Version 17
VisualStudioVersion = 17.14.36717.8 d17.14
MinimumVisualStudioVersion = 10.0.40219.1
Project("{FAE04EC0-301F-11D3-BF4B-00C04F79EFBC}") = "Project_Pastahane_Malıyetlendırme", "Project_Pastahane_Malıyetlendırme\Project_Pastahane_Malıyetlendırme.csproj", "{4F7AB3BA-DFC7-474A-A5DD-0D010042D7E2}"
EndProject
Global
	GlobalSection(SolutionConfigurationPlatforms) = preSolution
		Debug|Any CPU = Debug|Any CPU
		Release|Any CPU = Release|Any CPU
	EndGlobalSection
	GlobalSection(ProjectConfigurationPlatforms) = postSolution
		{4F7AB3BA-DFC7-474A-A5DD-0D010042D7E2}.Debug|Any CPU.ActiveCfg = Debug|Any CPU
		{4F7AB3BA-DFC7-474A-A5DD-0D010042D7E2}.Debug|Any CPU.Build.0 = Debug|Any CPU
		{4F7AB3BA-DFC7-474A-A5DD-0D010042D7E2}.Release|Any CPU.ActiveCfg = Release|Any CPU
		{4F7AB3BA-DFC7-474A-A5DD-0D010042D7E2}.Release|Any CPU.Build.0 = Release|Any CPU
	EndGlobalSection
	GlobalSection(SolutionProperties) = preSolution
		HideSolutionNode = FALSE
	EndGlobalSection
	GlobalSection(ExtensibilityGlobals) = postSolution
		SolutionGuid = {358DA96B-3367-4800-8940-CC2FC7CA0E46}
	EndGlobalSection
EndGlobal
